
Microsoft Visual Studio Solution File, Format Version 12.00
# Visual Studio 2013
VisualStudioVersion = 12.0.21005.1
MinimumVisualStudioVersion = 10.0.40219.1
Project("{FAE04EC0-301F-11D3-BF4B-00C04F79EFBC}") = "SchoolBus", "SchoolBus\SchoolBus.csproj", "{28AD76B2-E7A4-4DE0-84A8-513825B09AD7}"
EndProject
Project("{FAE04EC0-301F-11D3-BF4B-00C04F79EFBC}") = "kmean", "kmean\kmean.csproj", "{3F9C8FDF-10E3-43DD-8737-D2EE7986EF65}"
EndProject
Project("{FAE04EC0-301F-11D3-BF4B-00C04F79EFBC}") = "GetLatitudeLongitude", "GetLatitudeLongitude\GetLatitudeLongitude.csproj", "{1A5142E7-9759-4EE1-8FDF-A16E0D8F65BF}"
EndProject
Project("{FAE04EC0-301F-11D3-BF4B-00C04F79EFBC}") = "GetDistance", "GetDistance\GetDistance.csproj", "{2FFE9936-2FB2-4E8F-869D-127F2C3770D9}"
EndProject
Global
	GlobalSection(SolutionConfigurationPlatforms) = preSolution
		Debug|Any CPU = Debug|Any CPU
		Release|Any CPU = Release|Any CPU
	EndGlobalSection
	GlobalSection(ProjectConfigurationPlatforms) = postSolution
		{28AD76B2-E7A4-4DE0-84A8-513825B09AD7}.Debug|Any CPU.ActiveCfg = Debug|Any CPU
		{28AD76B2-E7A4-4DE0-84A8-513825B09AD7}.Debug|Any CPU.Build.0 = Debug|Any CPU
		{28AD76B2-E7A4-4DE0-84A8-513825B09AD7}.Release|Any CPU.ActiveCfg = Release|Any CPU
		{28AD76B2-E7A4-4DE0-84A8-513825B09AD7}.Release|Any CPU.Build.0 = Release|Any CPU
		{3F9C8FDF-10E3-43DD-8737-D2EE7986EF65}.Debug|Any CPU.ActiveCfg = Debug|Any CPU
		{3F9C8FDF-10E3-43DD-8737-D2EE7986EF65}.Debug|Any CPU.Build.0 = Debug|Any CPU
		{3F9C8FDF-10E3-43DD-8737-D2EE7986EF65}.Release|Any CPU.ActiveCfg = Release|Any CPU
		{3F9C8FDF-10E3-43DD-8737-D2EE7986EF65}.Release|Any CPU.Build.0 = Release|Any CPU
		{1A5142E7-9759-4EE1-8FDF-A16E0D8F65BF}.Debug|Any CPU.ActiveCfg = Debug|Any CPU
		{1A5142E7-9759-4EE1-8FDF-A16E0D8F65BF}.Debug|Any CPU.Build.0 = Debug|Any CPU
		{1A5142E7-9759-4EE1-8FDF-A16E0D8F65BF}.Release|Any CPU.ActiveCfg = Release|Any CPU
		{1A5142E7-9759-4EE1-8FDF-A16E0D8F65BF}.Release|Any CPU.Build.0 = Release|Any CPU
		{2FFE9936-2FB2-4E8F-869D-127F2C3770D9}.Debug|Any CPU.ActiveCfg = Debug|Any CPU
		{2FFE9936-2FB2-4E8F-869D-127F2C3770D9}.Debug|Any CPU.Build.0 = Debug|Any CPU
		{2FFE9936-2FB2-4E8F-869D-127F2C3770D9}.Release|Any CPU.ActiveCfg = Release|Any CPU
		{2FFE9936-2FB2-4E8F-869D-127F2C3770D9}.Release|Any CPU.Build.0 = Release|Any CPU
	EndGlobalSection
	GlobalSection(SolutionProperties) = preSolution
		HideSolutionNode = FALSE
	EndGlobalSection
EndGlobal
